
Microsoft Visual Studio Solution File, Format Version 12.00
# Visual Studio Version 17
VisualStudioVersion = 17.0.32014.148
MinimumVisualStudioVersion = 10.0.40219.1
Project("{2150E333-8FDC-42A3-9474-1A3956D46DE8}") = "00-Framework", "00-Framework", "{D74C2AA3-169B-4D5F-95C9-89AD9137CE69}"
EndProject
Project("{2150E333-8FDC-42A3-9474-1A3956D46DE8}") = "01-Domain", "01-Domain", "{B3B868C4-FE1A-4F3E-9BE3-2CE84EE3E443}"
EndProject
Project("{9A19103F-16F7-4668-BE54-9A1E7A4F7556}") = "SolarSystem.Domain", "01-Domain\SolarSystem.Domain\SolarSystem.Domain.csproj", "{6DB57912-05A6-44D1-81A0-654657A1769F}"
EndProject
Project("{2150E333-8FDC-42A3-9474-1A3956D46DE8}") = "04-Test", "04-Test", "{7815171A-E935-4B2F-A4C5-46F46032B1D7}"
EndProject
Project("{9A19103F-16F7-4668-BE54-9A1E7A4F7556}") = "SolarSystem.Framework", "00-Framework\SolarSystem.Framework\SolarSystem.Framework.csproj", "{EB5F82EF-52AF-46DA-A180-E68603BEBFA8}"
EndProject
Project("{9A19103F-16F7-4668-BE54-9A1E7A4F7556}") = "SolarSystem.Domain.Test", "SolarSystem.Domain.Test\SolarSystem.Domain.Test.csproj", "{28B354EB-FC45-4D4D-8C47-FE528C60F9FC}"
EndProject
Global
	GlobalSection(SolutionConfigurationPlatforms) = preSolution
		Debug|Any CPU = Debug|Any CPU
		Release|Any CPU = Release|Any CPU
	EndGlobalSection
	GlobalSection(ProjectConfigurationPlatforms) = postSolution
		{6DB57912-05A6-44D1-81A0-654657A1769F}.Debug|Any CPU.ActiveCfg = Debug|Any CPU
		{6DB57912-05A6-44D1-81A0-654657A1769F}.Debug|Any CPU.Build.0 = Debug|Any CPU
		{6DB57912-05A6-44D1-81A0-654657A1769F}.Release|Any CPU.ActiveCfg = Release|Any CPU
		{6DB57912-05A6-44D1-81A0-654657A1769F}.Release|Any CPU.Build.0 = Release|Any CPU
		{EB5F82EF-52AF-46DA-A180-E68603BEBFA8}.Debug|Any CPU.ActiveCfg = Debug|Any CPU
		{EB5F82EF-52AF-46DA-A180-E68603BEBFA8}.Debug|Any CPU.Build.0 = Debug|Any CPU
		{EB5F82EF-52AF-46DA-A180-E68603BEBFA8}.Release|Any CPU.ActiveCfg = Release|Any CPU
		{EB5F82EF-52AF-46DA-A180-E68603BEBFA8}.Release|Any CPU.Build.0 = Release|Any CPU
		{28B354EB-FC45-4D4D-8C47-FE528C60F9FC}.Debug|Any CPU.ActiveCfg = Debug|Any CPU
		{28B354EB-FC45-4D4D-8C47-FE528C60F9FC}.Debug|Any CPU.Build.0 = Debug|Any CPU
		{28B354EB-FC45-4D4D-8C47-FE528C60F9FC}.Release|Any CPU.ActiveCfg = Release|Any CPU
		{28B354EB-FC45-4D4D-8C47-FE528C60F9FC}.Release|Any CPU.Build.0 = Release|Any CPU
	EndGlobalSection
	GlobalSection(SolutionProperties) = preSolution
		HideSolutionNode = FALSE
	EndGlobalSection
	GlobalSection(NestedProjects) = preSolution
		{6DB57912-05A6-44D1-81A0-654657A1769F} = {B3B868C4-FE1A-4F3E-9BE3-2CE84EE3E443}
		{EB5F82EF-52AF-46DA-A180-E68603BEBFA8} = {D74C2AA3-169B-4D5F-95C9-89AD9137CE69}
		{28B354EB-FC45-4D4D-8C47-FE528C60F9FC} = {7815171A-E935-4B2F-A4C5-46F46032B1D7}
	EndGlobalSection
	GlobalSection(ExtensibilityGlobals) = postSolution
		SolutionGuid = {801AC845-99E4-4AB0-8609-8E46919AE397}
	EndGlobalSection
EndGlobal
